
Microsoft Visual Studio Solution File, Format Version 12.00
# Visual Studio Version 16
VisualStudioVersion = 16.0.31129.286
MinimumVisualStudioVersion = 10.0.40219.1
Project("{FAE04EC0-301F-11D3-BF4B-00C04F79EFBC}") = "GUI", "GUI\GUI.csproj", "{E58BA6F2-4E15-4509-A182-4CCC171776B2}"
EndProject
Project("{FAE04EC0-301F-11D3-BF4B-00C04F79EFBC}") = "DTO", "DTO\DTO.csproj", "{CAD20385-4F24-44BE-B54D-69100A5D73E8}"
EndProject
Project("{FAE04EC0-301F-11D3-BF4B-00C04F79EFBC}") = "BUS", "BUS\BUS.csproj", "{038F825F-B52A-49B9-BAD2-BE7BC0BFD18C}"
EndProject
Project("{FAE04EC0-301F-11D3-BF4B-00C04F79EFBC}") = "DAO", "DAO\DAO.csproj", "{4B1690AF-8ADC-4745-9D61-D087B1FAFCA5}"
EndProject
Global
	GlobalSection(SolutionConfigurationPlatforms) = preSolution
		Debug|Any CPU = Debug|Any CPU
		Release|Any CPU = Release|Any CPU
	EndGlobalSection
	GlobalSection(ProjectConfigurationPlatforms) = postSolution
		{E58BA6F2-4E15-4509-A182-4CCC171776B2}.Debug|Any CPU.ActiveCfg = Debug|Any CPU
		{E58BA6F2-4E15-4509-A182-4CCC171776B2}.Debug|Any CPU.Build.0 = Debug|Any CPU
		{E58BA6F2-4E15-4509-A182-4CCC171776B2}.Release|Any CPU.ActiveCfg = Release|Any CPU
		{E58BA6F2-4E15-4509-A182-4CCC171776B2}.Release|Any CPU.Build.0 = Release|Any CPU
		{CAD20385-4F24-44BE-B54D-69100A5D73E8}.Debug|Any CPU.ActiveCfg = Debug|Any CPU
		{CAD20385-4F24-44BE-B54D-69100A5D73E8}.Debug|Any CPU.Build.0 = Debug|Any CPU
		{CAD20385-4F24-44BE-B54D-69100A5D73E8}.Release|Any CPU.ActiveCfg = Release|Any CPU
		{CAD20385-4F24-44BE-B54D-69100A5D73E8}.Release|Any CPU.Build.0 = Release|Any CPU
		{038F825F-B52A-49B9-BAD2-BE7BC0BFD18C}.Debug|Any CPU.ActiveCfg = Debug|Any CPU
		{038F825F-B52A-49B9-BAD2-BE7BC0BFD18C}.Debug|Any CPU.Build.0 = Debug|Any CPU
		{038F825F-B52A-49B9-BAD2-BE7BC0BFD18C}.Release|Any CPU.ActiveCfg = Release|Any CPU
		{038F825F-B52A-49B9-BAD2-BE7BC0BFD18C}.Release|Any CPU.Build.0 = Release|Any CPU
		{4B1690AF-8ADC-4745-9D61-D087B1FAFCA5}.Debug|Any CPU.ActiveCfg = Debug|Any CPU
		{4B1690AF-8ADC-4745-9D61-D087B1FAFCA5}.Debug|Any CPU.Build.0 = Debug|Any CPU
		{4B1690AF-8ADC-4745-9D61-D087B1FAFCA5}.Release|Any CPU.ActiveCfg = Release|Any CPU
		{4B1690AF-8ADC-4745-9D61-D087B1FAFCA5}.Release|Any CPU.Build.0 = Release|Any CPU
	EndGlobalSection
	GlobalSection(SolutionProperties) = preSolution
		HideSolutionNode = FALSE
	EndGlobalSection
	GlobalSection(ExtensibilityGlobals) = postSolution
		SolutionGuid = {0BAC9FF2-2B42-4E4B-A979-F63EB2855277}
	EndGlobalSection
EndGlobal
